// !$*UTF8*$!
{
	archiveVersion = 1;
	classes = {
	};
	objectVersion = 56;
	objects = {

/* Begin PBXBuildFile section */
		20E0F9F1008555D144B3FA28 /* Pods_RealTimeChat.framework in Frameworks */ = {isa = PBXBuildFile; fileRef = 2DBFA26B5763D69B5940F6B5 /* Pods_RealTimeChat.framework */; };
		73D8E0805CEDFE111B339055 /* Pods_RealTimeChatTests.framework in Frameworks */ = {isa = PBXBuildFile; fileRef = AB82B85FE7C8F1A44CF8A743 /* Pods_RealTimeChatTests.framework */; };
		7562221429A3092C0055CC98 /* SignUpViewController.swift in Sources */ = {isa = PBXBuildFile; fileRef = 7562221329A3092C0055CC98 /* SignUpViewController.swift */; };
		7562221629A313C10055CC98 /* LogInViewController.swift in Sources */ = {isa = PBXBuildFile; fileRef = 7562221529A313C10055CC98 /* LogInViewController.swift */; };
		7562221A29A316560055CC98 /* ChatViewController.swift in Sources */ = {isa = PBXBuildFile; fileRef = 7562221929A316560055CC98 /* ChatViewController.swift */; };
		7562221D29A316C50055CC98 /* ChatCell.swift in Sources */ = {isa = PBXBuildFile; fileRef = 7562221C29A316C50055CC98 /* ChatCell.swift */; };
		7562222129A32BB90055CC98 /* Message.swift in Sources */ = {isa = PBXBuildFile; fileRef = 7562222029A32BB90055CC98 /* Message.swift */; };
		7562222429A44CA60055CC98 /* Secret.swift in Sources */ = {isa = PBXBuildFile; fileRef = 7562222329A44CA60055CC98 /* Secret.swift */; };
		7562222729A450FA0055CC98 /* SnapKit in Frameworks */ = {isa = PBXBuildFile; productRef = 7562222629A450FA0055CC98 /* SnapKit */; };
		7562222A29A451AD0055CC98 /* FirebaseAuth in Frameworks */ = {isa = PBXBuildFile; productRef = 7562222929A451AD0055CC98 /* FirebaseAuth */; };
		7562222C29A451AD0055CC98 /* FirebaseFirestore in Frameworks */ = {isa = PBXBuildFile; productRef = 7562222B29A451AD0055CC98 /* FirebaseFirestore */; };
		7562222E29A451AD0055CC98 /* FirebaseFirestoreSwift in Frameworks */ = {isa = PBXBuildFile; productRef = 7562222D29A451AD0055CC98 /* FirebaseFirestoreSwift */; };
		7562223029A451AD0055CC98 /* FirebaseMessaging in Frameworks */ = {isa = PBXBuildFile; productRef = 7562222F29A451AD0055CC98 /* FirebaseMessaging */; };
		7562223229A451AD0055CC98 /* FirebaseStorage in Frameworks */ = {isa = PBXBuildFile; productRef = 7562223129A451AD0055CC98 /* FirebaseStorage */; };
		7562223429A457A20055CC98 /* RequestBody.swift in Sources */ = {isa = PBXBuildFile; fileRef = 7562223329A457A20055CC98 /* RequestBody.swift */; };
		7562223A29A457F80055CC98 /* SendMessage.swift in Sources */ = {isa = PBXBuildFile; fileRef = 7562223929A457F80055CC98 /* SendMessage.swift */; };
		75D0A6B829A2EF9700CAE969 /* AppDelegate.swift in Sources */ = {isa = PBXBuildFile; fileRef = 75D0A6B729A2EF9700CAE969 /* AppDelegate.swift */; };
		75D0A6BA29A2EF9700CAE969 /* SceneDelegate.swift in Sources */ = {isa = PBXBuildFile; fileRef = 75D0A6B929A2EF9700CAE969 /* SceneDelegate.swift */; };
		75D0A6BC29A2EF9700CAE969 /* ViewController.swift in Sources */ = {isa = PBXBuildFile; fileRef = 75D0A6BB29A2EF9700CAE969 /* ViewController.swift */; };
		75D0A6C129A2EF9900CAE969 /* Assets.xcassets in Resources */ = {isa = PBXBuildFile; fileRef = 75D0A6C029A2EF9900CAE969 /* Assets.xcassets */; };
		75D0A6C429A2EF9900CAE969 /* LaunchScreen.storyboard in Resources */ = {isa = PBXBuildFile; fileRef = 75D0A6C229A2EF9900CAE969 /* LaunchScreen.storyboard */; };
		75D0A6CF29A2EF9900CAE969 /* RealTimeChatTests.swift in Sources */ = {isa = PBXBuildFile; fileRef = 75D0A6CE29A2EF9900CAE969 /* RealTimeChatTests.swift */; };
		75D0A6D929A2EF9A00CAE969 /* RealTimeChatUITests.swift in Sources */ = {isa = PBXBuildFile; fileRef = 75D0A6D829A2EF9A00CAE969 /* RealTimeChatUITests.swift */; };
		75D0A6DB29A2EF9A00CAE969 /* RealTimeChatUITestsLaunchTests.swift in Sources */ = {isa = PBXBuildFile; fileRef = 75D0A6DA29A2EF9A00CAE969 /* RealTimeChatUITestsLaunchTests.swift */; };
		75D0A6F229A2F66A00CAE969 /* GoogleService-Info.plist in Resources */ = {isa = PBXBuildFile; fileRef = 75D0A6F129A2F66A00CAE969 /* GoogleService-Info.plist */; };
		9775431F31F49A159D3BDECA /* Pods_RealTimeChat_RealTimeChatUITests.framework in Frameworks */ = {isa = PBXBuildFile; fileRef = 160BA6CC0D95FFDCD6D75B93 /* Pods_RealTimeChat_RealTimeChatUITests.framework */; };
/* End PBXBuildFile section */

/* Begin PBXContainerItemProxy section */
		75D0A6CB29A2EF9900CAE969 /* PBXContainerItemProxy */ = {
			isa = PBXContainerItemProxy;
			containerPortal = 75D0A6AC29A2EF9700CAE969 /* Project object */;
			proxyType = 1;
			remoteGlobalIDString = 75D0A6B329A2EF9700CAE969;
			remoteInfo = RealTimeChat;
		};
		75D0A6D529A2EF9A00CAE969 /* PBXContainerItemProxy */ = {
			isa = PBXContainerItemProxy;
			containerPortal = 75D0A6AC29A2EF9700CAE969 /* Project object */;
			proxyType = 1;
			remoteGlobalIDString = 75D0A6B329A2EF9700CAE969;
			remoteInfo = RealTimeChat;
		};
/* End PBXContainerItemProxy section */

/* Begin PBXFileReference section */
		160BA6CC0D95FFDCD6D75B93 /* Pods_RealTimeChat_RealTimeChatUITests.framework */ = {isa = PBXFileReference; explicitFileType = wrapper.framework; includeInIndex = 0; path = Pods_RealTimeChat_RealTimeChatUITests.framework; sourceTree = BUILT_PRODUCTS_DIR; };
		1A7475D700E740485CF887B3 /* Pods-RealTimeChat-RealTimeChatUITests.debug.xcconfig */ = {isa = PBXFileReference; includeInIndex = 1; lastKnownFileType = text.xcconfig; name = "Pods-RealTimeChat-RealTimeChatUITests.debug.xcconfig"; path = "Target Support Files/Pods-RealTimeChat-RealTimeChatUITests/Pods-RealTimeChat-RealTimeChatUITests.debug.xcconfig"; sourceTree = "<group>"; };
		1EDC03D676612847C8D20F90 /* Pods-RealTimeChat-RealTimeChatUITests.release.xcconfig */ = {isa = PBXFileReference; includeInIndex = 1; lastKnownFileType = text.xcconfig; name = "Pods-RealTimeChat-RealTimeChatUITests.release.xcconfig"; path = "Target Support Files/Pods-RealTimeChat-RealTimeChatUITests/Pods-RealTimeChat-RealTimeChatUITests.release.xcconfig"; sourceTree = "<group>"; };
		2DBFA26B5763D69B5940F6B5 /* Pods_RealTimeChat.framework */ = {isa = PBXFileReference; explicitFileType = wrapper.framework; includeInIndex = 0; path = Pods_RealTimeChat.framework; sourceTree = BUILT_PRODUCTS_DIR; };
		2F87C5A3B0244AFFC4C53FB2 /* Pods-RealTimeChatTests.release.xcconfig */ = {isa = PBXFileReference; includeInIndex = 1; lastKnownFileType = text.xcconfig; name = "Pods-RealTimeChatTests.release.xcconfig"; path = "Target Support Files/Pods-RealTimeChatTests/Pods-RealTimeChatTests.release.xcconfig"; sourceTree = "<group>"; };
		7562221329A3092C0055CC98 /* SignUpViewController.swift */ = {isa = PBXFileReference; lastKnownFileType = sourcecode.swift; path = SignUpViewController.swift; sourceTree = "<group>"; };
		7562221529A313C10055CC98 /* LogInViewController.swift */ = {isa = PBXFileReference; lastKnownFileType = sourcecode.swift; path = LogInViewController.swift; sourceTree = "<group>"; };
		7562221929A316560055CC98 /* ChatViewController.swift */ = {isa = PBXFileReference; lastKnownFileType = sourcecode.swift; path = ChatViewController.swift; sourceTree = "<group>"; };
		7562221C29A316C50055CC98 /* ChatCell.swift */ = {isa = PBXFileReference; lastKnownFileType = sourcecode.swift; path = ChatCell.swift; sourceTree = "<group>"; };
		7562222029A32BB90055CC98 /* Message.swift */ = {isa = PBXFileReference; lastKnownFileType = sourcecode.swift; path = Message.swift; sourceTree = "<group>"; };
		7562222229A35D120055CC98 /* RealTimeChat.entitlements */ = {isa = PBXFileReference; lastKnownFileType = text.plist.entitlements; path = RealTimeChat.entitlements; sourceTree = "<group>"; };
		7562222329A44CA60055CC98 /* Secret.swift */ = {isa = PBXFileReference; lastKnownFileType = sourcecode.swift; path = Secret.swift; sourceTree = "<group>"; };
		7562223329A457A20055CC98 /* RequestBody.swift */ = {isa = PBXFileReference; lastKnownFileType = sourcecode.swift; path = RequestBody.swift; sourceTree = "<group>"; };
		7562223929A457F80055CC98 /* SendMessage.swift */ = {isa = PBXFileReference; lastKnownFileType = sourcecode.swift; path = SendMessage.swift; sourceTree = "<group>"; };
		75D0A6B429A2EF9700CAE969 /* RealTimeChat.app */ = {isa = PBXFileReference; explicitFileType = wrapper.application; includeInIndex = 0; path = RealTimeChat.app; sourceTree = BUILT_PRODUCTS_DIR; };
		75D0A6B729A2EF9700CAE969 /* AppDelegate.swift */ = {isa = PBXFileReference; lastKnownFileType = sourcecode.swift; path = AppDelegate.swift; sourceTree = "<group>"; };
		75D0A6B929A2EF9700CAE969 /* SceneDelegate.swift */ = {isa = PBXFileReference; lastKnownFileType = sourcecode.swift; path = SceneDelegate.swift; sourceTree = "<group>"; };
		75D0A6BB29A2EF9700CAE969 /* ViewController.swift */ = {isa = PBXFileReference; lastKnownFileType = sourcecode.swift; path = ViewController.swift; sourceTree = "<group>"; };
		75D0A6C029A2EF9900CAE969 /* Assets.xcassets */ = {isa = PBXFileReference; lastKnownFileType = folder.assetcatalog; path = Assets.xcassets; sourceTree = "<group>"; };
		75D0A6C329A2EF9900CAE969 /* Base */ = {isa = PBXFileReference; lastKnownFileType = file.storyboard; name = Base; path = Base.lproj/LaunchScreen.storyboard; sourceTree = "<group>"; };
		75D0A6C529A2EF9900CAE969 /* Info.plist */ = {isa = PBXFileReference; lastKnownFileType = text.plist.xml; path = Info.plist; sourceTree = "<group>"; };
		75D0A6CA29A2EF9900CAE969 /* RealTimeChatTests.xctest */ = {isa = PBXFileReference; explicitFileType = wrapper.cfbundle; includeInIndex = 0; path = RealTimeChatTests.xctest; sourceTree = BUILT_PRODUCTS_DIR; };
		75D0A6CE29A2EF9900CAE969 /* RealTimeChatTests.swift */ = {isa = PBXFileReference; lastKnownFileType = sourcecode.swift; path = RealTimeChatTests.swift; sourceTree = "<group>"; };
		75D0A6D429A2EF9A00CAE969 /* RealTimeChatUITests.xctest */ = {isa = PBXFileReference; explicitFileType = wrapper.cfbundle; includeInIndex = 0; path = RealTimeChatUITests.xctest; sourceTree = BUILT_PRODUCTS_DIR; };
		75D0A6D829A2EF9A00CAE969 /* RealTimeChatUITests.swift */ = {isa = PBXFileReference; lastKnownFileType = sourcecode.swift; path = RealTimeChatUITests.swift; sourceTree = "<group>"; };
		75D0A6DA29A2EF9A00CAE969 /* RealTimeChatUITestsLaunchTests.swift */ = {isa = PBXFileReference; lastKnownFileType = sourcecode.swift; path = RealTimeChatUITestsLaunchTests.swift; sourceTree = "<group>"; };
		75D0A6F129A2F66A00CAE969 /* GoogleService-Info.plist */ = {isa = PBXFileReference; fileEncoding = 4; lastKnownFileType = text.plist.xml; path = "GoogleService-Info.plist"; sourceTree = "<group>"; };
		76E6F70DD57721CB7D35AD97 /* Pods-RealTimeChat.debug.xcconfig */ = {isa = PBXFileReference; includeInIndex = 1; lastKnownFileType = text.xcconfig; name = "Pods-RealTimeChat.debug.xcconfig"; path = "Target Support Files/Pods-RealTimeChat/Pods-RealTimeChat.debug.xcconfig"; sourceTree = "<group>"; };
		AB82B85FE7C8F1A44CF8A743 /* Pods_RealTimeChatTests.framework */ = {isa = PBXFileReference; explicitFileType = wrapper.framework; includeInIndex = 0; path = Pods_RealTimeChatTests.framework; sourceTree = BUILT_PRODUCTS_DIR; };
		D2464336A0D6FEEBAD33D466 /* Pods-RealTimeChat.release.xcconfig */ = {isa = PBXFileReference; includeInIndex = 1; lastKnownFileType = text.xcconfig; name = "Pods-RealTimeChat.release.xcconfig"; path = "Target Support Files/Pods-RealTimeChat/Pods-RealTimeChat.release.xcconfig"; sourceTree = "<group>"; };
		EEDF2F083AD893714EBC33B5 /* Pods-RealTimeChatTests.debug.xcconfig */ = {isa = PBXFileReference; includeInIndex = 1; lastKnownFileType = text.xcconfig; name = "Pods-RealTimeChatTests.debug.xcconfig"; path = "Target Support Files/Pods-RealTimeChatTests/Pods-RealTimeChatTests.debug.xcconfig"; sourceTree = "<group>"; };
/* End PBXFileReference section */

/* Begin PBXFrameworksBuildPhase section */
		75D0A6B129A2EF9700CAE969 /* Frameworks */ = {
			isa = PBXFrameworksBuildPhase;
			buildActionMask = 2147483647;
			files = (
				7562223029A451AD0055CC98 /* FirebaseMessaging in Frameworks */,
				7562222E29A451AD0055CC98 /* FirebaseFirestoreSwift in Frameworks */,
				20E0F9F1008555D144B3FA28 /* Pods_RealTimeChat.framework in Frameworks */,
				7562222C29A451AD0055CC98 /* FirebaseFirestore in Frameworks */,
				7562223229A451AD0055CC98 /* FirebaseStorage in Frameworks */,
				7562222A29A451AD0055CC98 /* FirebaseAuth in Frameworks */,
				7562222729A450FA0055CC98 /* SnapKit in Frameworks */,
			);
			runOnlyForDeploymentPostprocessing = 0;
		};
		75D0A6C729A2EF9900CAE969 /* Frameworks */ = {
			isa = PBXFrameworksBuildPhase;
			buildActionMask = 2147483647;
			files = (
				73D8E0805CEDFE111B339055 /* Pods_RealTimeChatTests.framework in Frameworks */,
			);
			runOnlyForDeploymentPostprocessing = 0;
		};
		75D0A6D129A2EF9A00CAE969 /* Frameworks */ = {
			isa = PBXFrameworksBuildPhase;
			buildActionMask = 2147483647;
			files = (
				9775431F31F49A159D3BDECA /* Pods_RealTimeChat_RealTimeChatUITests.framework in Frameworks */,
			);
			runOnlyForDeploymentPostprocessing = 0;
		};
/* End PBXFrameworksBuildPhase section */

/* Begin PBXGroup section */
		27484E2AD1ECE818CDA6B6A2 /* Frameworks */ = {
			isa = PBXGroup;
			children = (
				2DBFA26B5763D69B5940F6B5 /* Pods_RealTimeChat.framework */,
				160BA6CC0D95FFDCD6D75B93 /* Pods_RealTimeChat_RealTimeChatUITests.framework */,
				AB82B85FE7C8F1A44CF8A743 /* Pods_RealTimeChatTests.framework */,
			);
			name = Frameworks;
			sourceTree = "<group>";
		};
		7562221B29A316A90055CC98 /* Cell */ = {
			isa = PBXGroup;
			children = (
				7562221C29A316C50055CC98 /* ChatCell.swift */,
			);
			path = Cell;
			sourceTree = "<group>";
		};
		7562221F29A32BAA0055CC98 /* Model */ = {
			isa = PBXGroup;
			children = (
				7562222029A32BB90055CC98 /* Message.swift */,
				7562222329A44CA60055CC98 /* Secret.swift */,
				7562223329A457A20055CC98 /* RequestBody.swift */,
			);
			path = Model;
			sourceTree = "<group>";
		};
		7562223829A457E20055CC98 /* Service */ = {
			isa = PBXGroup;
			children = (
				7562223929A457F80055CC98 /* SendMessage.swift */,
			);
			path = Service;
			sourceTree = "<group>";
		};
		75D0A6AB29A2EF9700CAE969 = {
			isa = PBXGroup;
			children = (
				75D0A6B629A2EF9700CAE969 /* RealTimeChat */,
				75D0A6CD29A2EF9900CAE969 /* RealTimeChatTests */,
				75D0A6D729A2EF9A00CAE969 /* RealTimeChatUITests */,
				75D0A6B529A2EF9700CAE969 /* Products */,
				D4C55DA7FFC6F2DDC00FD9E2 /* Pods */,
				27484E2AD1ECE818CDA6B6A2 /* Frameworks */,
			);
			sourceTree = "<group>";
		};
		75D0A6B529A2EF9700CAE969 /* Products */ = {
			isa = PBXGroup;
			children = (
				75D0A6B429A2EF9700CAE969 /* RealTimeChat.app */,
				75D0A6CA29A2EF9900CAE969 /* RealTimeChatTests.xctest */,
				75D0A6D429A2EF9A00CAE969 /* RealTimeChatUITests.xctest */,
			);
			name = Products;
			sourceTree = "<group>";
		};
		75D0A6B629A2EF9700CAE969 /* RealTimeChat */ = {
			isa = PBXGroup;
			children = (
				7562223829A457E20055CC98 /* Service */,
				7562222229A35D120055CC98 /* RealTimeChat.entitlements */,
				7562221F29A32BAA0055CC98 /* Model */,
				75D0A6E729A2F09400CAE969 /* Presentation */,
				75D0A6B729A2EF9700CAE969 /* AppDelegate.swift */,
				75D0A6B929A2EF9700CAE969 /* SceneDelegate.swift */,
				75D0A6C029A2EF9900CAE969 /* Assets.xcassets */,
				75D0A6C229A2EF9900CAE969 /* LaunchScreen.storyboard */,
				75D0A6C529A2EF9900CAE969 /* Info.plist */,
				75D0A6F129A2F66A00CAE969 /* GoogleService-Info.plist */,
			);
			path = RealTimeChat;
			sourceTree = "<group>";
		};
		75D0A6CD29A2EF9900CAE969 /* RealTimeChatTests */ = {
			isa = PBXGroup;
			children = (
				75D0A6CE29A2EF9900CAE969 /* RealTimeChatTests.swift */,
			);
			path = RealTimeChatTests;
			sourceTree = "<group>";
		};
		75D0A6D729A2EF9A00CAE969 /* RealTimeChatUITests */ = {
			isa = PBXGroup;
			children = (
				75D0A6D829A2EF9A00CAE969 /* RealTimeChatUITests.swift */,
				75D0A6DA29A2EF9A00CAE969 /* RealTimeChatUITestsLaunchTests.swift */,
			);
			path = RealTimeChatUITests;
			sourceTree = "<group>";
		};
		75D0A6E729A2F09400CAE969 /* Presentation */ = {
			isa = PBXGroup;
			children = (
				7562221B29A316A90055CC98 /* Cell */,
				75D0A6BB29A2EF9700CAE969 /* ViewController.swift */,
				7562221329A3092C0055CC98 /* SignUpViewController.swift */,
				7562221529A313C10055CC98 /* LogInViewController.swift */,
				7562221929A316560055CC98 /* ChatViewController.swift */,
			);
			path = Presentation;
			sourceTree = "<group>";
		};
		D4C55DA7FFC6F2DDC00FD9E2 /* Pods */ = {
			isa = PBXGroup;
			children = (
				76E6F70DD57721CB7D35AD97 /* Pods-RealTimeChat.debug.xcconfig */,
				D2464336A0D6FEEBAD33D466 /* Pods-RealTimeChat.release.xcconfig */,
				1A7475D700E740485CF887B3 /* Pods-RealTimeChat-RealTimeChatUITests.debug.xcconfig */,
				1EDC03D676612847C8D20F90 /* Pods-RealTimeChat-RealTimeChatUITests.release.xcconfig */,
				EEDF2F083AD893714EBC33B5 /* Pods-RealTimeChatTests.debug.xcconfig */,
				2F87C5A3B0244AFFC4C53FB2 /* Pods-RealTimeChatTests.release.xcconfig */,
			);
			path = Pods;
			sourceTree = "<group>";
		};
/* End PBXGroup section */

/* Begin PBXNativeTarget section */
		75D0A6B329A2EF9700CAE969 /* RealTimeChat */ = {
			isa = PBXNativeTarget;
			buildConfigurationList = 75D0A6DE29A2EF9A00CAE969 /* Build configuration list for PBXNativeTarget "RealTimeChat" */;
			buildPhases = (
				A0CB098E1435105B590CA6C5 /* [CP] Check Pods Manifest.lock */,
				75D0A6B029A2EF9700CAE969 /* Sources */,
				75D0A6B129A2EF9700CAE969 /* Frameworks */,
				75D0A6B229A2EF9700CAE969 /* Resources */,
			);
			buildRules = (
			);
			dependencies = (
			);
			name = RealTimeChat;
			packageProductDependencies = (
				7562222629A450FA0055CC98 /* SnapKit */,
				7562222929A451AD0055CC98 /* FirebaseAuth */,
				7562222B29A451AD0055CC98 /* FirebaseFirestore */,
				7562222D29A451AD0055CC98 /* FirebaseFirestoreSwift */,
				7562222F29A451AD0055CC98 /* FirebaseMessaging */,
				7562223129A451AD0055CC98 /* FirebaseStorage */,
			);
			productName = RealTimeChat;
			productReference = 75D0A6B429A2EF9700CAE969 /* RealTimeChat.app */;
			productType = "com.apple.product-type.application";
		};
		75D0A6C929A2EF9900CAE969 /* RealTimeChatTests */ = {
			isa = PBXNativeTarget;
			buildConfigurationList = 75D0A6E129A2EF9A00CAE969 /* Build configuration list for PBXNativeTarget "RealTimeChatTests" */;
			buildPhases = (
				4EAA2908E2C91BE4A2DBC7E1 /* [CP] Check Pods Manifest.lock */,
				75D0A6C629A2EF9900CAE969 /* Sources */,
				75D0A6C729A2EF9900CAE969 /* Frameworks */,
				75D0A6C829A2EF9900CAE969 /* Resources */,
			);
			buildRules = (
			);
			dependencies = (
				75D0A6CC29A2EF9900CAE969 /* PBXTargetDependency */,
			);
			name = RealTimeChatTests;
			productName = RealTimeChatTests;
			productReference = 75D0A6CA29A2EF9900CAE969 /* RealTimeChatTests.xctest */;
			productType = "com.apple.product-type.bundle.unit-test";
		};
		75D0A6D329A2EF9A00CAE969 /* RealTimeChatUITests */ = {
			isa = PBXNativeTarget;
			buildConfigurationList = 75D0A6E429A2EF9A00CAE969 /* Build configuration list for PBXNativeTarget "RealTimeChatUITests" */;
			buildPhases = (
				617C5AF8BCAC909817FB0A37 /* [CP] Check Pods Manifest.lock */,
				75D0A6D029A2EF9A00CAE969 /* Sources */,
				75D0A6D129A2EF9A00CAE969 /* Frameworks */,
				75D0A6D229A2EF9A00CAE969 /* Resources */,
			);
			buildRules = (
			);
			dependencies = (
				75D0A6D629A2EF9A00CAE969 /* PBXTargetDependency */,
			);
			name = RealTimeChatUITests;
			productName = RealTimeChatUITests;
			productReference = 75D0A6D429A2EF9A00CAE969 /* RealTimeChatUITests.xctest */;
			productType = "com.apple.product-type.bundle.ui-testing";
		};
/* End PBXNativeTarget section */

/* Begin PBXProject section */
		75D0A6AC29A2EF9700CAE969 /* Project object */ = {
			isa = PBXProject;
			attributes = {
				BuildIndependentTargetsInParallel = 1;
				LastSwiftUpdateCheck = 1420;
				LastUpgradeCheck = 1420;
				TargetAttributes = {
					75D0A6B329A2EF9700CAE969 = {
						CreatedOnToolsVersion = 14.2;
					};
					75D0A6C929A2EF9900CAE969 = {
						CreatedOnToolsVersion = 14.2;
						TestTargetID = 75D0A6B329A2EF9700CAE969;
					};
					75D0A6D329A2EF9A00CAE969 = {
						CreatedOnToolsVersion = 14.2;
						TestTargetID = 75D0A6B329A2EF9700CAE969;
					};
				};
			};
			buildConfigurationList = 75D0A6AF29A2EF9700CAE969 /* Build configuration list for PBXProject "RealTimeChat" */;
			compatibilityVersion = "Xcode 14.0";
			developmentRegion = en;
			hasScannedForEncodings = 0;
			knownRegions = (
				en,
				Base,
			);
			mainGroup = 75D0A6AB29A2EF9700CAE969;
			packageReferences = (
				7562222529A450FA0055CC98 /* XCRemoteSwiftPackageReference "SnapKit" */,
				7562222829A451AD0055CC98 /* XCRemoteSwiftPackageReference "firebase-ios-sdk" */,
			);
			productRefGroup = 75D0A6B529A2EF9700CAE969 /* Products */;
			projectDirPath = "";
			projectRoot = "";
			targets = (
				75D0A6B329A2EF9700CAE969 /* RealTimeChat */,
				75D0A6C929A2EF9900CAE969 /* RealTimeChatTests */,
				75D0A6D329A2EF9A00CAE969 /* RealTimeChatUITests */,
			);
		};
/* End PBXProject section */

/* Begin PBXResourcesBuildPhase section */
		75D0A6B229A2EF9700CAE969 /* Resources */ = {
			isa = PBXResourcesBuildPhase;
			buildActionMask = 2147483647;
			files = (
				75D0A6C429A2EF9900CAE969 /* LaunchScreen.storyboard in Resources */,
				75D0A6C129A2EF9900CAE969 /* Assets.xcassets in Resources */,
				75D0A6F229A2F66A00CAE969 /* GoogleService-Info.plist in Resources */,
			);
			runOnlyForDeploymentPostprocessing = 0;
		};
		75D0A6C829A2EF9900CAE969 /* Resources */ = {
			isa = PBXResourcesBuildPhase;
			buildActionMask = 2147483647;
			files = (
			);
			runOnlyForDeploymentPostprocessing = 0;
		};
		75D0A6D229A2EF9A00CAE969 /* Resources */ = {
			isa = PBXResourcesBuildPhase;
			buildActionMask = 2147483647;
			files = (
			);
			runOnlyForDeploymentPostprocessing = 0;
		};
/* End PBXResourcesBuildPhase section */

/* Begin PBXShellScriptBuildPhase section */
		4EAA2908E2C91BE4A2DBC7E1 /* [CP] Check Pods Manifest.lock */ = {
			isa = PBXShellScriptBuildPhase;
			buildActionMask = 2147483647;
			files = (
			);
			inputFileListPaths = (
			);
			inputPaths = (
				"${PODS_PODFILE_DIR_PATH}/Podfile.lock",
				"${PODS_ROOT}/Manifest.lock",
			);
			name = "[CP] Check Pods Manifest.lock";
			outputFileListPaths = (
			);
			outputPaths = (
				"$(DERIVED_FILE_DIR)/Pods-RealTimeChatTests-checkManifestLockResult.txt",
			);
			runOnlyForDeploymentPostprocessing = 0;
			shellPath = /bin/sh;
			shellScript = "diff \"${PODS_PODFILE_DIR_PATH}/Podfile.lock\" \"${PODS_ROOT}/Manifest.lock\" > /dev/null\nif [ $? != 0 ] ; then\n    # print error to STDERR\n    echo \"error: The sandbox is not in sync with the Podfile.lock. Run 'pod install' or update your CocoaPods installation.\" >&2\n    exit 1\nfi\n# This output is used by Xcode 'outputs' to avoid re-running this script phase.\necho \"SUCCESS\" > \"${SCRIPT_OUTPUT_FILE_0}\"\n";
			showEnvVarsInLog = 0;
		};
		617C5AF8BCAC909817FB0A37 /* [CP] Check Pods Manifest.lock */ = {
			isa = PBXShellScriptBuildPhase;
			buildActionMask = 2147483647;
			files = (
			);
			inputFileListPaths = (
			);
			inputPaths = (
				"${PODS_PODFILE_DIR_PATH}/Podfile.lock",
				"${PODS_ROOT}/Manifest.lock",
			);
			name = "[CP] Check Pods Manifest.lock";
			outputFileListPaths = (
			);
			outputPaths = (
				"$(DERIVED_FILE_DIR)/Pods-RealTimeChat-RealTimeChatUITests-checkManifestLockResult.txt",
			);
			runOnlyForDeploymentPostprocessing = 0;
			shellPath = /bin/sh;
			shellScript = "diff \"${PODS_PODFILE_DIR_PATH}/Podfile.lock\" \"${PODS_ROOT}/Manifest.lock\" > /dev/null\nif [ $? != 0 ] ; then\n    # print error to STDERR\n    echo \"error: The sandbox is not in sync with the Podfile.lock. Run 'pod install' or update your CocoaPods installation.\" >&2\n    exit 1\nfi\n# This output is used by Xcode 'outputs' to avoid re-running this script phase.\necho \"SUCCESS\" > \"${SCRIPT_OUTPUT_FILE_0}\"\n";
			showEnvVarsInLog = 0;
		};
		A0CB098E1435105B590CA6C5 /* [CP] Check Pods Manifest.lock */ = {
			isa = PBXShellScriptBuildPhase;
			buildActionMask = 2147483647;
			files = (
			);
			inputFileListPaths = (
			);
			inputPaths = (
				"${PODS_PODFILE_DIR_PATH}/Podfile.lock",
				"${PODS_ROOT}/Manifest.lock",
			);
			name = "[CP] Check Pods Manifest.lock";
			outputFileListPaths = (
			);
			outputPaths = (
				"$(DERIVED_FILE_DIR)/Pods-RealTimeChat-checkManifestLockResult.txt",
			);
			runOnlyForDeploymentPostprocessing = 0;
			shellPath = /bin/sh;
			shellScript = "diff \"${PODS_PODFILE_DIR_PATH}/Podfile.lock\" \"${PODS_ROOT}/Manifest.lock\" > /dev/null\nif [ $? != 0 ] ; then\n    # print error to STDERR\n    echo \"error: The sandbox is not in sync with the Podfile.lock. Run 'pod install' or update your CocoaPods installation.\" >&2\n    exit 1\nfi\n# This output is used by Xcode 'outputs' to avoid re-running this script phase.\necho \"SUCCESS\" > \"${SCRIPT_OUTPUT_FILE_0}\"\n";
			showEnvVarsInLog = 0;
		};
/* End PBXShellScriptBuildPhase section */

/* Begin PBXSourcesBuildPhase section */
		75D0A6B029A2EF9700CAE969 /* Sources */ = {
			isa = PBXSourcesBuildPhase;
			buildActionMask = 2147483647;
			files = (
				75D0A6BC29A2EF9700CAE969 /* ViewController.swift in Sources */,
				7562221D29A316C50055CC98 /* ChatCell.swift in Sources */,
				7562223A29A457F80055CC98 /* SendMessage.swift in Sources */,
				75D0A6B829A2EF9700CAE969 /* AppDelegate.swift in Sources */,
				7562223429A457A20055CC98 /* RequestBody.swift in Sources */,
				7562221429A3092C0055CC98 /* SignUpViewController.swift in Sources */,
				7562221A29A316560055CC98 /* ChatViewController.swift in Sources */,
				7562222129A32BB90055CC98 /* Message.swift in Sources */,
				7562221629A313C10055CC98 /* LogInViewController.swift in Sources */,
				7562222429A44CA60055CC98 /* Secret.swift in Sources */,
				75D0A6BA29A2EF9700CAE969 /* SceneDelegate.swift in Sources */,
			);
			runOnlyForDeploymentPostprocessing = 0;
		};
		75D0A6C629A2EF9900CAE969 /* Sources */ = {
			isa = PBXSourcesBuildPhase;
			buildActionMask = 2147483647;
			files = (
				75D0A6CF29A2EF9900CAE969 /* RealTimeChatTests.swift in Sources */,
			);
			runOnlyForDeploymentPostprocessing = 0;
		};
		75D0A6D029A2EF9A00CAE969 /* Sources */ = {
			isa = PBXSourcesBuildPhase;
			buildActionMask = 2147483647;
			files = (
				75D0A6D929A2EF9A00CAE969 /* RealTimeChatUITests.swift in Sources */,
				75D0A6DB29A2EF9A00CAE969 /* RealTimeChatUITestsLaunchTests.swift in Sources */,
			);
			runOnlyForDeploymentPostprocessing = 0;
		};
/* End PBXSourcesBuildPhase section */

/* Begin PBXTargetDependency section */
		75D0A6CC29A2EF9900CAE969 /* PBXTargetDependency */ = {
			isa = PBXTargetDependency;
			target = 75D0A6B329A2EF9700CAE969 /* RealTimeChat */;
			targetProxy = 75D0A6CB29A2EF9900CAE969 /* PBXContainerItemProxy */;
		};
		75D0A6D629A2EF9A00CAE969 /* PBXTargetDependency */ = {
			isa = PBXTargetDependency;
			target = 75D0A6B329A2EF9700CAE969 /* RealTimeChat */;
			targetProxy = 75D0A6D529A2EF9A00CAE969 /* PBXContainerItemProxy */;
		};
/* End PBXTargetDependency section */

/* Begin PBXVariantGroup section */
		75D0A6C229A2EF9900CAE969 /* LaunchScreen.storyboard */ = {
			isa = PBXVariantGroup;
			children = (
				75D0A6C329A2EF9900CAE969 /* Base */,
			);
			name = LaunchScreen.storyboard;
			sourceTree = "<group>";
		};
/* End PBXVariantGroup section */

/* Begin XCBuildConfiguration section */
		75D0A6DC29A2EF9A00CAE969 /* Debug */ = {
			isa = XCBuildConfiguration;
			buildSettings = {
				ALWAYS_SEARCH_USER_PATHS = NO;
				CLANG_ANALYZER_NONNULL = YES;
				CLANG_ANALYZER_NUMBER_OBJECT_CONVERSION = YES_AGGRESSIVE;
				CLANG_CXX_LANGUAGE_STANDARD = "gnu++20";
				CLANG_ENABLE_MODULES = YES;
				CLANG_ENABLE_OBJC_ARC = YES;
				CLANG_ENABLE_OBJC_WEAK = YES;
				CLANG_WARN_BLOCK_CAPTURE_AUTORELEASING = YES;
				CLANG_WARN_BOOL_CONVERSION = YES;
				CLANG_WARN_COMMA = YES;
				CLANG_WARN_CONSTANT_CONVERSION = YES;
				CLANG_WARN_DEPRECATED_OBJC_IMPLEMENTATIONS = YES;
				CLANG_WARN_DIRECT_OBJC_ISA_USAGE = YES_ERROR;
				CLANG_WARN_DOCUMENTATION_COMMENTS = YES;
				CLANG_WARN_EMPTY_BODY = YES;
				CLANG_WARN_ENUM_CONVERSION = YES;
				CLANG_WARN_INFINITE_RECURSION = YES;
				CLANG_WARN_INT_CONVERSION = YES;
				CLANG_WARN_NON_LITERAL_NULL_CONVERSION = YES;
				CLANG_WARN_OBJC_IMPLICIT_RETAIN_SELF = YES;
				CLANG_WARN_OBJC_LITERAL_CONVERSION = YES;
				CLANG_WARN_OBJC_ROOT_CLASS = YES_ERROR;
				CLANG_WARN_QUOTED_INCLUDE_IN_FRAMEWORK_HEADER = YES;
				CLANG_WARN_RANGE_LOOP_ANALYSIS = YES;
				CLANG_WARN_STRICT_PROTOTYPES = YES;
				CLANG_WARN_SUSPICIOUS_MOVE = YES;
				CLANG_WARN_UNGUARDED_AVAILABILITY = YES_AGGRESSIVE;
				CLANG_WARN_UNREACHABLE_CODE = YES;
				CLANG_WARN__DUPLICATE_METHOD_MATCH = YES;
				COPY_PHASE_STRIP = NO;
				DEBUG_INFORMATION_FORMAT = dwarf;
				ENABLE_STRICT_OBJC_MSGSEND = YES;
				ENABLE_TESTABILITY = YES;
				GCC_C_LANGUAGE_STANDARD = gnu11;
				GCC_DYNAMIC_NO_PIC = NO;
				GCC_NO_COMMON_BLOCKS = YES;
				GCC_OPTIMIZATION_LEVEL = 0;
				GCC_PREPROCESSOR_DEFINITIONS = (
					"DEBUG=1",
					"$(inherited)",
				);
				GCC_WARN_64_TO_32_BIT_CONVERSION = YES;
				GCC_WARN_ABOUT_RETURN_TYPE = YES_ERROR;
				GCC_WARN_UNDECLARED_SELECTOR = YES;
				GCC_WARN_UNINITIALIZED_AUTOS = YES_AGGRESSIVE;
				GCC_WARN_UNUSED_FUNCTION = YES;
				GCC_WARN_UNUSED_VARIABLE = YES;
				IPHONEOS_DEPLOYMENT_TARGET = 16.2;
				MTL_ENABLE_DEBUG_INFO = INCLUDE_SOURCE;
				MTL_FAST_MATH = YES;
				ONLY_ACTIVE_ARCH = YES;
				SDKROOT = iphoneos;
				SWIFT_ACTIVE_COMPILATION_CONDITIONS = DEBUG;
				SWIFT_OPTIMIZATION_LEVEL = "-Onone";
			};
			name = Debug;
		};
		75D0A6DD29A2EF9A00CAE969 /* Release */ = {
			isa = XCBuildConfiguration;
			buildSettings = {
				ALWAYS_SEARCH_USER_PATHS = NO;
				CLANG_ANALYZER_NONNULL = YES;
				CLANG_ANALYZER_NUMBER_OBJECT_CONVERSION = YES_AGGRESSIVE;
				CLANG_CXX_LANGUAGE_STANDARD = "gnu++20";
				CLANG_ENABLE_MODULES = YES;
				CLANG_ENABLE_OBJC_ARC = YES;
				CLANG_ENABLE_OBJC_WEAK = YES;
				CLANG_WARN_BLOCK_CAPTURE_AUTORELEASING = YES;
				CLANG_WARN_BOOL_CONVERSION = YES;
				CLANG_WARN_COMMA = YES;
				CLANG_WARN_CONSTANT_CONVERSION = YES;
				CLANG_WARN_DEPRECATED_OBJC_IMPLEMENTATIONS = YES;
				CLANG_WARN_DIRECT_OBJC_ISA_USAGE = YES_ERROR;
				CLANG_WARN_DOCUMENTATION_COMMENTS = YES;
				CLANG_WARN_EMPTY_BODY = YES;
				CLANG_WARN_ENUM_CONVERSION = YES;
				CLANG_WARN_INFINITE_RECURSION = YES;
				CLANG_WARN_INT_CONVERSION = YES;
				CLANG_WARN_NON_LITERAL_NULL_CONVERSION = YES;
				CLANG_WARN_OBJC_IMPLICIT_RETAIN_SELF = YES;
				CLANG_WARN_OBJC_LITERAL_CONVERSION = YES;
				CLANG_WARN_OBJC_ROOT_CLASS = YES_ERROR;
				CLANG_WARN_QUOTED_INCLUDE_IN_FRAMEWORK_HEADER = YES;
				CLANG_WARN_RANGE_LOOP_ANALYSIS = YES;
				CLANG_WARN_STRICT_PROTOTYPES = YES;
				CLANG_WARN_SUSPICIOUS_MOVE = YES;
				CLANG_WARN_UNGUARDED_AVAILABILITY = YES_AGGRESSIVE;
				CLANG_WARN_UNREACHABLE_CODE = YES;
				CLANG_WARN__DUPLICATE_METHOD_MATCH = YES;
				COPY_PHASE_STRIP = NO;
				DEBUG_INFORMATION_FORMAT = "dwarf-with-dsym";
				ENABLE_NS_ASSERTIONS = NO;
				ENABLE_STRICT_OBJC_MSGSEND = YES;
				GCC_C_LANGUAGE_STANDARD = gnu11;
				GCC_NO_COMMON_BLOCKS = YES;
				GCC_WARN_64_TO_32_BIT_CONVERSION = YES;
				GCC_WARN_ABOUT_RETURN_TYPE = YES_ERROR;
				GCC_WARN_UNDECLARED_SELECTOR = YES;
				GCC_WARN_UNINITIALIZED_AUTOS = YES_AGGRESSIVE;
				GCC_WARN_UNUSED_FUNCTION = YES;
				GCC_WARN_UNUSED_VARIABLE = YES;
				IPHONEOS_DEPLOYMENT_TARGET = 16.2;
				MTL_ENABLE_DEBUG_INFO = NO;
				MTL_FAST_MATH = YES;
				SDKROOT = iphoneos;
				SWIFT_COMPILATION_MODE = wholemodule;
				SWIFT_OPTIMIZATION_LEVEL = "-O";
				VALIDATE_PRODUCT = YES;
			};
			name = Release;
		};
		75D0A6DF29A2EF9A00CAE969 /* Debug */ = {
			isa = XCBuildConfiguration;
			baseConfigurationReference = 76E6F70DD57721CB7D35AD97 /* Pods-RealTimeChat.debug.xcconfig */;
			buildSettings = {
				ASSETCATALOG_COMPILER_APPICON_NAME = AppIcon;
				ASSETCATALOG_COMPILER_GLOBAL_ACCENT_COLOR_NAME = AccentColor;
				CODE_SIGN_ENTITLEMENTS = RealTimeChat/RealTimeChat.entitlements;
				CODE_SIGN_STYLE = Automatic;
				CURRENT_PROJECT_VERSION = 1;
				DEVELOPMENT_TEAM = 9LAFQ24GSN;
				GENERATE_INFOPLIST_FILE = YES;
				INFOPLIST_FILE = RealTimeChat/Info.plist;
				INFOPLIST_KEY_UIApplicationSupportsIndirectInputEvents = YES;
				INFOPLIST_KEY_UILaunchStoryboardName = LaunchScreen;
				INFOPLIST_KEY_UISupportedInterfaceOrientations_iPad = "UIInterfaceOrientationPortrait UIInterfaceOrientationPortraitUpsideDown UIInterfaceOrientationLandscapeLeft UIInterfaceOrientationLandscapeRight";
				INFOPLIST_KEY_UISupportedInterfaceOrientations_iPhone = "UIInterfaceOrientationPortrait UIInterfaceOrientationLandscapeLeft UIInterfaceOrientationLandscapeRight";
				LD_RUNPATH_SEARCH_PATHS = (
					"$(inherited)",
					"@executable_path/Frameworks",
				);
				MARKETING_VERSION = 1.0;
				PRODUCT_BUNDLE_IDENTIFIER = kr.co.truen.EGLOO.RealTimeChat;
				PRODUCT_NAME = "$(TARGET_NAME)";
				SWIFT_EMIT_LOC_STRINGS = YES;
				SWIFT_VERSION = 5.0;
				TARGETED_DEVICE_FAMILY = "1,2";
			};
			name = Debug;
		};
		75D0A6E029A2EF9A00CAE969 /* Release */ = {
			isa = XCBuildConfiguration;
			baseConfigurationReference = D2464336A0D6FEEBAD33D466 /* Pods-RealTimeChat.release.xcconfig */;
			buildSettings = {
				ASSETCATALOG_COMPILER_APPICON_NAME = AppIcon;
				ASSETCATALOG_COMPILER_GLOBAL_ACCENT_COLOR_NAME = AccentColor;
				CODE_SIGN_ENTITLEMENTS = RealTimeChat/RealTimeChat.entitlements;
				CODE_SIGN_STYLE = Automatic;
				CURRENT_PROJECT_VERSION = 1;
				DEVELOPMENT_TEAM = 9LAFQ24GSN;
				GENERATE_INFOPLIST_FILE = YES;
				INFOPLIST_FILE = RealTimeChat/Info.plist;
				INFOPLIST_KEY_UIApplicationSupportsIndirectInputEvents = YES;
				INFOPLIST_KEY_UILaunchStoryboardName = LaunchScreen;
				INFOPLIST_KEY_UISupportedInterfaceOrientations_iPad = "UIInterfaceOrientationPortrait UIInterfaceOrientationPortraitUpsideDown UIInterfaceOrientationLandscapeLeft UIInterfaceOrientationLandscapeRight";
				INFOPLIST_KEY_UISupportedInterfaceOrientations_iPhone = "UIInterfaceOrientationPortrait UIInterfaceOrientationLandscapeLeft UIInterfaceOrientationLandscapeRight";
				LD_RUNPATH_SEARCH_PATHS = (
					"$(inherited)",
					"@executable_path/Frameworks",
				);
				MARKETING_VERSION = 1.0;
				PRODUCT_BUNDLE_IDENTIFIER = kr.co.truen.EGLOO.RealTimeChat;
				PRODUCT_NAME = "$(TARGET_NAME)";
				SWIFT_EMIT_LOC_STRINGS = YES;
				SWIFT_VERSION = 5.0;
				TARGETED_DEVICE_FAMILY = "1,2";
			};
			name = Release;
		};
		75D0A6E229A2EF9A00CAE969 /* Debug */ = {
			isa = XCBuildConfiguration;
			baseConfigurationReference = EEDF2F083AD893714EBC33B5 /* Pods-RealTimeChatTests.debug.xcconfig */;
			buildSettings = {
				ALWAYS_EMBED_SWIFT_STANDARD_LIBRARIES = YES;
				BUNDLE_LOADER = "$(TEST_HOST)";
				CODE_SIGN_STYLE = Automatic;
				CURRENT_PROJECT_VERSION = 1;
				DEVELOPMENT_TEAM = 9LAFQ24GSN;
				GENERATE_INFOPLIST_FILE = YES;
				IPHONEOS_DEPLOYMENT_TARGET = 16.2;
				MARKETING_VERSION = 1.0;
				PRODUCT_BUNDLE_IDENTIFIER = kr.co.truen.EGLOO.RealTimeChatTests;
				PRODUCT_NAME = "$(TARGET_NAME)";
				SWIFT_EMIT_LOC_STRINGS = NO;
				SWIFT_VERSION = 5.0;
				TARGETED_DEVICE_FAMILY = "1,2";
				TEST_HOST = "$(BUILT_PRODUCTS_DIR)/RealTimeChat.app/$(BUNDLE_EXECUTABLE_FOLDER_PATH)/RealTimeChat";
			};
			name = Debug;
		};
		75D0A6E329A2EF9A00CAE969 /* Release */ = {
			isa = XCBuildConfiguration;
			baseConfigurationReference = 2F87C5A3B0244AFFC4C53FB2 /* Pods-RealTimeChatTests.release.xcconfig */;
			buildSettings = {
				ALWAYS_EMBED_SWIFT_STANDARD_LIBRARIES = YES;
				BUNDLE_LOADER = "$(TEST_HOST)";
				CODE_SIGN_STYLE = Automatic;
				CURRENT_PROJECT_VERSION = 1;
				DEVELOPMENT_TEAM = 9LAFQ24GSN;
				GENERATE_INFOPLIST_FILE = YES;
				IPHONEOS_DEPLOYMENT_TARGET = 16.2;
				MARKETING_VERSION = 1.0;
				PRODUCT_BUNDLE_IDENTIFIER = kr.co.truen.EGLOO.RealTimeChatTests;
				PRODUCT_NAME = "$(TARGET_NAME)";
				SWIFT_EMIT_LOC_STRINGS = NO;
				SWIFT_VERSION = 5.0;
				TARGETED_DEVICE_FAMILY = "1,2";
				TEST_HOST = "$(BUILT_PRODUCTS_DIR)/RealTimeChat.app/$(BUNDLE_EXECUTABLE_FOLDER_PATH)/RealTimeChat";
			};
			name = Release;
		};
		75D0A6E529A2EF9A00CAE969 /* Debug */ = {
			isa = XCBuildConfiguration;
			baseConfigurationReference = 1A7475D700E740485CF887B3 /* Pods-RealTimeChat-RealTimeChatUITests.debug.xcconfig */;
			buildSettings = {
				ALWAYS_EMBED_SWIFT_STANDARD_LIBRARIES = YES;
				CODE_SIGN_STYLE = Automatic;
				CURRENT_PROJECT_VERSION = 1;
				DEVELOPMENT_TEAM = 9LAFQ24GSN;
				GENERATE_INFOPLIST_FILE = YES;
				MARKETING_VERSION = 1.0;
				PRODUCT_BUNDLE_IDENTIFIER = kr.co.truen.EGLOO.RealTimeChatUITests;
				PRODUCT_NAME = "$(TARGET_NAME)";
				SWIFT_EMIT_LOC_STRINGS = NO;
				SWIFT_VERSION = 5.0;
				TARGETED_DEVICE_FAMILY = "1,2";
				TEST_TARGET_NAME = RealTimeChat;
			};
			name = Debug;
		};
		75D0A6E629A2EF9A00CAE969 /* Release */ = {
			isa = XCBuildConfiguration;
			baseConfigurationReference = 1EDC03D676612847C8D20F90 /* Pods-RealTimeChat-RealTimeChatUITests.release.xcconfig */;
			buildSettings = {
				ALWAYS_EMBED_SWIFT_STANDARD_LIBRARIES = YES;
				CODE_SIGN_STYLE = Automatic;
				CURRENT_PROJECT_VERSION = 1;
				DEVELOPMENT_TEAM = 9LAFQ24GSN;
				GENERATE_INFOPLIST_FILE = YES;
				MARKETING_VERSION = 1.0;
				PRODUCT_BUNDLE_IDENTIFIER = kr.co.truen.EGLOO.RealTimeChatUITests;
				PRODUCT_NAME = "$(TARGET_NAME)";
				SWIFT_EMIT_LOC_STRINGS = NO;
				SWIFT_VERSION = 5.0;
				TARGETED_DEVICE_FAMILY = "1,2";
				TEST_TARGET_NAME = RealTimeChat;
			};
			name = Release;
		};
/* End XCBuildConfiguration section */

/* Begin XCConfigurationList section */
		75D0A6AF29A2EF9700CAE969 /* Build configuration list for PBXProject "RealTimeChat" */ = {
			isa = XCConfigurationList;
			buildConfigurations = (
				75D0A6DC29A2EF9A00CAE969 /* Debug */,
				75D0A6DD29A2EF9A00CAE969 /* Release */,
			);
			defaultConfigurationIsVisible = 0;
			defaultConfigurationName = Release;
		};
		75D0A6DE29A2EF9A00CAE969 /* Build configuration list for PBXNativeTarget "RealTimeChat" */ = {
			isa = XCConfigurationList;
			buildConfigurations = (
				75D0A6DF29A2EF9A00CAE969 /* Debug */,
				75D0A6E029A2EF9A00CAE969 /* Release */,
			);
			defaultConfigurationIsVisible = 0;
			defaultConfigurationName = Release;
		};
		75D0A6E129A2EF9A00CAE969 /* Build configuration list for PBXNativeTarget "RealTimeChatTests" */ = {
			isa = XCConfigurationList;
			buildConfigurations = (
				75D0A6E229A2EF9A00CAE969 /* Debug */,
				75D0A6E329A2EF9A00CAE969 /* Release */,
			);
			defaultConfigurationIsVisible = 0;
			defaultConfigurationName = Release;
		};
		75D0A6E429A2EF9A00CAE969 /* Build configuration list for PBXNativeTarget "RealTimeChatUITests" */ = {
			isa = XCConfigurationList;
			buildConfigurations = (
				75D0A6E529A2EF9A00CAE969 /* Debug */,
				75D0A6E629A2EF9A00CAE969 /* Release */,
			);
			defaultConfigurationIsVisible = 0;
			defaultConfigurationName = Release;
		};
/* End XCConfigurationList section */

/* Begin XCRemoteSwiftPackageReference section */
		7562222529A450FA0055CC98 /* XCRemoteSwiftPackageReference "SnapKit" */ = {
			isa = XCRemoteSwiftPackageReference;
			repositoryURL = "https://github.com/SnapKit/SnapKit.git";
			requirement = {
				branch = develop;
				kind = branch;
			};
		};
		7562222829A451AD0055CC98 /* XCRemoteSwiftPackageReference "firebase-ios-sdk" */ = {
			isa = XCRemoteSwiftPackageReference;
			repositoryURL = "https://github.com/firebase/firebase-ios-sdk.git";
			requirement = {
				kind = upToNextMajorVersion;
				minimumVersion = 9.0.0;
			};
		};
/* End XCRemoteSwiftPackageReference section */

/* Begin XCSwiftPackageProductDependency section */
		7562222629A450FA0055CC98 /* SnapKit */ = {
			isa = XCSwiftPackageProductDependency;
			package = 7562222529A450FA0055CC98 /* XCRemoteSwiftPackageReference "SnapKit" */;
			productName = SnapKit;
		};
		7562222929A451AD0055CC98 /* FirebaseAuth */ = {
			isa = XCSwiftPackageProductDependency;
			package = 7562222829A451AD0055CC98 /* XCRemoteSwiftPackageReference "firebase-ios-sdk" */;
			productName = FirebaseAuth;
		};
		7562222B29A451AD0055CC98 /* FirebaseFirestore */ = {
			isa = XCSwiftPackageProductDependency;
			package = 7562222829A451AD0055CC98 /* XCRemoteSwiftPackageReference "firebase-ios-sdk" */;
			productName = FirebaseFirestore;
		};
		7562222D29A451AD0055CC98 /* FirebaseFirestoreSwift */ = {
			isa = XCSwiftPackageProductDependency;
			package = 7562222829A451AD0055CC98 /* XCRemoteSwiftPackageReference "firebase-ios-sdk" */;
			productName = FirebaseFirestoreSwift;
		};
		7562222F29A451AD0055CC98 /* FirebaseMessaging */ = {
			isa = XCSwiftPackageProductDependency;
			package = 7562222829A451AD0055CC98 /* XCRemoteSwiftPackageReference "firebase-ios-sdk" */;
			productName = FirebaseMessaging;
		};
		7562223129A451AD0055CC98 /* FirebaseStorage */ = {
			isa = XCSwiftPackageProductDependency;
			package = 7562222829A451AD0055CC98 /* XCRemoteSwiftPackageReference "firebase-ios-sdk" */;
			productName = FirebaseStorage;
		};
/* End XCSwiftPackageProductDependency section */
	};
	rootObject = 75D0A6AC29A2EF9700CAE969 /* Project object */;
}
